
Microsoft Visual Studio Solution File, Format Version 12.00
# Visual Studio Version 17
VisualStudioVersion = 17.8.34525.116
MinimumVisualStudioVersion = 10.0.40219.1
Project("{FAE04EC0-301F-11D3-BF4B-00C04F79EFBC}") = "Week3ifAndSwitch", "Week3ifAndSwitch\Week3ifAndSwitch.csproj", "{071EB4EA-42DD-4C70-A275-A40C9101A7BA}"
EndProject
Project("{FAE04EC0-301F-11D3-BF4B-00C04F79EFBC}") = "OddOrEven", "OddOrEven\OddOrEven.csproj", "{EA1E3D49-548C-4968-BF28-3C158541001C}"
EndProject
Project("{FAE04EC0-301F-11D3-BF4B-00C04F79EFBC}") = "IfDayOfTheWeek", "IfDayOfTheWeek\IfDayOfTheWeek.csproj", "{B6183EEE-17BE-404B-ADF3-83CF96C3C68A}"
EndProject
Project("{FAE04EC0-301F-11D3-BF4B-00C04F79EFBC}") = "SwitchDayOfTheWeek", "SwitchDayOfTheWeek\SwitchDayOfTheWeek.csproj", "{6F250090-6087-446C-96B8-423917C10CAD}"
EndProject
Global
	GlobalSection(SolutionConfigurationPlatforms) = preSolution
		Debug|Any CPU = Debug|Any CPU
		Release|Any CPU = Release|Any CPU
	EndGlobalSection
	GlobalSection(ProjectConfigurationPlatforms) = postSolution
		{071EB4EA-42DD-4C70-A275-A40C9101A7BA}.Debug|Any CPU.ActiveCfg = Debug|Any CPU
		{071EB4EA-42DD-4C70-A275-A40C9101A7BA}.Debug|Any CPU.Build.0 = Debug|Any CPU
		{071EB4EA-42DD-4C70-A275-A40C9101A7BA}.Release|Any CPU.ActiveCfg = Release|Any CPU
		{071EB4EA-42DD-4C70-A275-A40C9101A7BA}.Release|Any CPU.Build.0 = Release|Any CPU
		{EA1E3D49-548C-4968-BF28-3C158541001C}.Debug|Any CPU.ActiveCfg = Debug|Any CPU
		{EA1E3D49-548C-4968-BF28-3C158541001C}.Debug|Any CPU.Build.0 = Debug|Any CPU
		{EA1E3D49-548C-4968-BF28-3C158541001C}.Release|Any CPU.ActiveCfg = Release|Any CPU
		{EA1E3D49-548C-4968-BF28-3C158541001C}.Release|Any CPU.Build.0 = Release|Any CPU
		{B6183EEE-17BE-404B-ADF3-83CF96C3C68A}.Debug|Any CPU.ActiveCfg = Debug|Any CPU
		{B6183EEE-17BE-404B-ADF3-83CF96C3C68A}.Debug|Any CPU.Build.0 = Debug|Any CPU
		{B6183EEE-17BE-404B-ADF3-83CF96C3C68A}.Release|Any CPU.ActiveCfg = Release|Any CPU
		{B6183EEE-17BE-404B-ADF3-83CF96C3C68A}.Release|Any CPU.Build.0 = Release|Any CPU
		{6F250090-6087-446C-96B8-423917C10CAD}.Debug|Any CPU.ActiveCfg = Debug|Any CPU
		{6F250090-6087-446C-96B8-423917C10CAD}.Debug|Any CPU.Build.0 = Debug|Any CPU
		{6F250090-6087-446C-96B8-423917C10CAD}.Release|Any CPU.ActiveCfg = Release|Any CPU
		{6F250090-6087-446C-96B8-423917C10CAD}.Release|Any CPU.Build.0 = Release|Any CPU
	EndGlobalSection
	GlobalSection(SolutionProperties) = preSolution
		HideSolutionNode = FALSE
	EndGlobalSection
	GlobalSection(ExtensibilityGlobals) = postSolution
		SolutionGuid = {0A6D787D-6104-4FE9-9307-9E64545BD315}
	EndGlobalSection
EndGlobal
